
Microsoft Visual Studio Solution File, Format Version 12.00
Project("{FAE04EC0-301F-11D3-BF4B-00C04F79EFBC}") = "Shushenkov_Selenium_Task", "Shushenkov_Selenium_Task\Shushenkov_Selenium_Task.csproj", "{7047A316-BD33-4AB0-BD71-7EFF9907E831}"
EndProject
Global
	GlobalSection(SolutionConfigurationPlatforms) = preSolution
		Debug|Any CPU = Debug|Any CPU
		Release|Any CPU = Release|Any CPU
	EndGlobalSection
	GlobalSection(ProjectConfigurationPlatforms) = postSolution
		{7047A316-BD33-4AB0-BD71-7EFF9907E831}.Debug|Any CPU.ActiveCfg = Debug|Any CPU
		{7047A316-BD33-4AB0-BD71-7EFF9907E831}.Debug|Any CPU.Build.0 = Debug|Any CPU
		{7047A316-BD33-4AB0-BD71-7EFF9907E831}.Release|Any CPU.ActiveCfg = Release|Any CPU
		{7047A316-BD33-4AB0-BD71-7EFF9907E831}.Release|Any CPU.Build.0 = Release|Any CPU
	EndGlobalSection
EndGlobal
